
Microsoft Visual Studio Solution File, Format Version 12.00
# Visual Studio 15
Project("{FAE04EC0-301F-11D3-BF4B-00C04F79EFBC}") = "adder", "adder\adder.csproj", "{24C7E5C6-A0B2-4DCE-8A25-CC8C3A3D4D72}"
EndProject
Global
	GlobalSection(SolutionConfigurationPlatforms) = preSolution
		Debug|Any CPU = Debug|Any CPU
		Release|Any CPU = Release|Any CPU
	EndGlobalSection
	GlobalSection(ProjectConfigurationPlatforms) = postSolution
		{24C7E5C6-A0B2-4DCE-8A25-CC8C3A3D4D72}.Debug|Any CPU.ActiveCfg = Debug|Any CPU
		{24C7E5C6-A0B2-4DCE-8A25-CC8C3A3D4D72}.Debug|Any CPU.Build.0 = Debug|Any CPU
		{24C7E5C6-A0B2-4DCE-8A25-CC8C3A3D4D72}.Release|Any CPU.ActiveCfg = Release|Any CPU
		{24C7E5C6-A0B2-4DCE-8A25-CC8C3A3D4D72}.Release|Any CPU.Build.0 = Release|Any CPU
	EndGlobalSection
EndGlobal
