
Microsoft Visual Studio Solution File, Format Version 12.00
# Visual Studio 15
VisualStudioVersion = 15.0.28307.757
MinimumVisualStudioVersion = 10.0.40219.1
Project("{FAE04EC0-301F-11D3-BF4B-00C04F79EFBC}") = "Milestone1", "Milestone1\Milestone1.csproj", "{F988BD5D-762A-48A3-B081-FF9F513D600F}"
EndProject
Project("{FAE04EC0-301F-11D3-BF4B-00C04F79EFBC}") = "Core", "Core\Core.csproj", "{4077A046-7AEA-4769-BC71-8B30E627A635}"
EndProject
Project("{FAE04EC0-301F-11D3-BF4B-00C04F79EFBC}") = "Milestone2", "Milestone2\Milestone2.csproj", "{758A05F2-3546-4DE4-A2AC-9C315B954FC9}"
EndProject
Global
	GlobalSection(SolutionConfigurationPlatforms) = preSolution
		Debug|Any CPU = Debug|Any CPU
		Release|Any CPU = Release|Any CPU
	EndGlobalSection
	GlobalSection(ProjectConfigurationPlatforms) = postSolution
		{F988BD5D-762A-48A3-B081-FF9F513D600F}.Debug|Any CPU.ActiveCfg = Debug|Any CPU
		{F988BD5D-762A-48A3-B081-FF9F513D600F}.Debug|Any CPU.Build.0 = Debug|Any CPU
		{F988BD5D-762A-48A3-B081-FF9F513D600F}.Release|Any CPU.ActiveCfg = Release|Any CPU
		{F988BD5D-762A-48A3-B081-FF9F513D600F}.Release|Any CPU.Build.0 = Release|Any CPU
		{4077A046-7AEA-4769-BC71-8B30E627A635}.Debug|Any CPU.ActiveCfg = Debug|Any CPU
		{4077A046-7AEA-4769-BC71-8B30E627A635}.Debug|Any CPU.Build.0 = Debug|Any CPU
		{4077A046-7AEA-4769-BC71-8B30E627A635}.Release|Any CPU.ActiveCfg = Release|Any CPU
		{4077A046-7AEA-4769-BC71-8B30E627A635}.Release|Any CPU.Build.0 = Release|Any CPU
		{758A05F2-3546-4DE4-A2AC-9C315B954FC9}.Debug|Any CPU.ActiveCfg = Debug|Any CPU
		{758A05F2-3546-4DE4-A2AC-9C315B954FC9}.Debug|Any CPU.Build.0 = Debug|Any CPU
		{758A05F2-3546-4DE4-A2AC-9C315B954FC9}.Release|Any CPU.ActiveCfg = Release|Any CPU
		{758A05F2-3546-4DE4-A2AC-9C315B954FC9}.Release|Any CPU.Build.0 = Release|Any CPU
	EndGlobalSection
	GlobalSection(SolutionProperties) = preSolution
		HideSolutionNode = FALSE
	EndGlobalSection
	GlobalSection(ExtensibilityGlobals) = postSolution
		SolutionGuid = {F5946C69-98E7-4A75-9727-75DDE67245E3}
	EndGlobalSection
EndGlobal
