
Microsoft Visual Studio Solution File, Format Version 12.00
# Visual Studio 15
VisualStudioVersion = 15.0.28307.757
MinimumVisualStudioVersion = 10.0.40219.1
Project("{FAE04EC0-301F-11D3-BF4B-00C04F79EFBC}") = "Calculator", "Calculator\Calculator.csproj", "{01B123C9-B60F-4543-89A8-4E1E947B8D88}"
EndProject
Project("{FAE04EC0-301F-11D3-BF4B-00C04F79EFBC}") = "CalcWeb", "CalcWeb\CalcWeb.csproj", "{A45AEA50-1561-4D8D-BC95-46AF0222E260}"
EndProject
Project("{FAE04EC0-301F-11D3-BF4B-00C04F79EFBC}") = "XmlConsole", "XmlConsole\XmlConsole.csproj", "{1D708664-F17C-4745-B912-83791EB7DE6D}"
EndProject
Project("{FAE04EC0-301F-11D3-BF4B-00C04F79EFBC}") = "SampeAdoNet", "SampeAdoNet\SampeAdoNet.csproj", "{219090BC-1A23-4655-A12C-3BC47392544E}"
EndProject
Project("{FAE04EC0-301F-11D3-BF4B-00C04F79EFBC}") = "MyService", "MyService\MyService.csproj", "{5C6ABFF3-8F20-474A-8A30-319CB786BDF2}"
EndProject
Project("{FAE04EC0-301F-11D3-BF4B-00C04F79EFBC}") = "ServiceApp", "ServiceApp\ServiceApp.csproj", "{577BBD7D-8E3D-4B52-A56D-DC70A89E1B83}"
EndProject
Project("{FAE04EC0-301F-11D3-BF4B-00C04F79EFBC}") = "PtzCore", "PtzCore\PtzCore.csproj", "{DFF2138D-E93C-4B5D-8387-65F3C072DA27}"
EndProject
Project("{FAE04EC0-301F-11D3-BF4B-00C04F79EFBC}") = "EFConsole", "EFConsole\EFConsole.csproj", "{E7D28624-9458-4C60-824D-3210E43D16B3}"
EndProject
Project("{FAE04EC0-301F-11D3-BF4B-00C04F79EFBC}") = "MvpApp", "MvpApp\MvpApp.csproj", "{13CA460C-6612-4728-9ECD-1BB8A89AFAC9}"
EndProject
Global
	GlobalSection(SolutionConfigurationPlatforms) = preSolution
		Debug|Any CPU = Debug|Any CPU
		Release|Any CPU = Release|Any CPU
	EndGlobalSection
	GlobalSection(ProjectConfigurationPlatforms) = postSolution
		{01B123C9-B60F-4543-89A8-4E1E947B8D88}.Debug|Any CPU.ActiveCfg = Debug|Any CPU
		{01B123C9-B60F-4543-89A8-4E1E947B8D88}.Debug|Any CPU.Build.0 = Debug|Any CPU
		{01B123C9-B60F-4543-89A8-4E1E947B8D88}.Release|Any CPU.ActiveCfg = Release|Any CPU
		{01B123C9-B60F-4543-89A8-4E1E947B8D88}.Release|Any CPU.Build.0 = Release|Any CPU
		{A45AEA50-1561-4D8D-BC95-46AF0222E260}.Debug|Any CPU.ActiveCfg = Debug|Any CPU
		{A45AEA50-1561-4D8D-BC95-46AF0222E260}.Debug|Any CPU.Build.0 = Debug|Any CPU
		{A45AEA50-1561-4D8D-BC95-46AF0222E260}.Release|Any CPU.ActiveCfg = Release|Any CPU
		{A45AEA50-1561-4D8D-BC95-46AF0222E260}.Release|Any CPU.Build.0 = Release|Any CPU
		{1D708664-F17C-4745-B912-83791EB7DE6D}.Debug|Any CPU.ActiveCfg = Debug|Any CPU
		{1D708664-F17C-4745-B912-83791EB7DE6D}.Debug|Any CPU.Build.0 = Debug|Any CPU
		{1D708664-F17C-4745-B912-83791EB7DE6D}.Release|Any CPU.ActiveCfg = Release|Any CPU
		{1D708664-F17C-4745-B912-83791EB7DE6D}.Release|Any CPU.Build.0 = Release|Any CPU
		{219090BC-1A23-4655-A12C-3BC47392544E}.Debug|Any CPU.ActiveCfg = Debug|Any CPU
		{219090BC-1A23-4655-A12C-3BC47392544E}.Debug|Any CPU.Build.0 = Debug|Any CPU
		{219090BC-1A23-4655-A12C-3BC47392544E}.Release|Any CPU.ActiveCfg = Release|Any CPU
		{219090BC-1A23-4655-A12C-3BC47392544E}.Release|Any CPU.Build.0 = Release|Any CPU
		{5C6ABFF3-8F20-474A-8A30-319CB786BDF2}.Debug|Any CPU.ActiveCfg = Debug|Any CPU
		{5C6ABFF3-8F20-474A-8A30-319CB786BDF2}.Debug|Any CPU.Build.0 = Debug|Any CPU
		{5C6ABFF3-8F20-474A-8A30-319CB786BDF2}.Release|Any CPU.ActiveCfg = Release|Any CPU
		{5C6ABFF3-8F20-474A-8A30-319CB786BDF2}.Release|Any CPU.Build.0 = Release|Any CPU
		{577BBD7D-8E3D-4B52-A56D-DC70A89E1B83}.Debug|Any CPU.ActiveCfg = Debug|Any CPU
		{577BBD7D-8E3D-4B52-A56D-DC70A89E1B83}.Debug|Any CPU.Build.0 = Debug|Any CPU
		{577BBD7D-8E3D-4B52-A56D-DC70A89E1B83}.Release|Any CPU.ActiveCfg = Release|Any CPU
		{577BBD7D-8E3D-4B52-A56D-DC70A89E1B83}.Release|Any CPU.Build.0 = Release|Any CPU
		{DFF2138D-E93C-4B5D-8387-65F3C072DA27}.Debug|Any CPU.ActiveCfg = Debug|Any CPU
		{DFF2138D-E93C-4B5D-8387-65F3C072DA27}.Debug|Any CPU.Build.0 = Debug|Any CPU
		{DFF2138D-E93C-4B5D-8387-65F3C072DA27}.Release|Any CPU.ActiveCfg = Release|Any CPU
		{DFF2138D-E93C-4B5D-8387-65F3C072DA27}.Release|Any CPU.Build.0 = Release|Any CPU
		{E7D28624-9458-4C60-824D-3210E43D16B3}.Debug|Any CPU.ActiveCfg = Debug|Any CPU
		{E7D28624-9458-4C60-824D-3210E43D16B3}.Debug|Any CPU.Build.0 = Debug|Any CPU
		{E7D28624-9458-4C60-824D-3210E43D16B3}.Release|Any CPU.ActiveCfg = Release|Any CPU
		{E7D28624-9458-4C60-824D-3210E43D16B3}.Release|Any CPU.Build.0 = Release|Any CPU
		{13CA460C-6612-4728-9ECD-1BB8A89AFAC9}.Debug|Any CPU.ActiveCfg = Debug|Any CPU
		{13CA460C-6612-4728-9ECD-1BB8A89AFAC9}.Debug|Any CPU.Build.0 = Debug|Any CPU
		{13CA460C-6612-4728-9ECD-1BB8A89AFAC9}.Release|Any CPU.ActiveCfg = Release|Any CPU
		{13CA460C-6612-4728-9ECD-1BB8A89AFAC9}.Release|Any CPU.Build.0 = Release|Any CPU
	EndGlobalSection
	GlobalSection(SolutionProperties) = preSolution
		HideSolutionNode = FALSE
	EndGlobalSection
	GlobalSection(ExtensibilityGlobals) = postSolution
		SolutionGuid = {87FA12A6-2743-46A3-9A86-82B5FABE28BE}
	EndGlobalSection
EndGlobal
