
Microsoft Visual Studio Solution File, Format Version 12.00
# Visual Studio Version 16
VisualStudioVersion = 16.0.29613.14
MinimumVisualStudioVersion = 10.0.40219.1
Project("{FAE04EC0-301F-11D3-BF4B-00C04F79EFBC}") = "GetService", "GetService.csproj", "{89DE3B6C-8DDD-4607-BE7E-D6239D582A89}"
EndProject
Project("{FAE04EC0-301F-11D3-BF4B-00C04F79EFBC}") = "RenderService", "..\RenderService\RenderService.csproj", "{A5F637B8-BCBC-4269-896C-4C23253D9733}"
EndProject
Project("{FAE04EC0-301F-11D3-BF4B-00C04F79EFBC}") = "SendService", "..\SendService\SendService.csproj", "{19A1B560-08B1-4627-BE9F-7D97834A060A}"
EndProject
Project("{FAE04EC0-301F-11D3-BF4B-00C04F79EFBC}") = "TimerService", "..\TimerService\TimerService.csproj", "{5DD180C3-148D-4D82-99DD-A4BF3AF7158A}"
EndProject
Global
	GlobalSection(SolutionConfigurationPlatforms) = preSolution
		Debug|Any CPU = Debug|Any CPU
		Release|Any CPU = Release|Any CPU
	EndGlobalSection
	GlobalSection(ProjectConfigurationPlatforms) = postSolution
		{89DE3B6C-8DDD-4607-BE7E-D6239D582A89}.Debug|Any CPU.ActiveCfg = Debug|Any CPU
		{89DE3B6C-8DDD-4607-BE7E-D6239D582A89}.Debug|Any CPU.Build.0 = Debug|Any CPU
		{89DE3B6C-8DDD-4607-BE7E-D6239D582A89}.Release|Any CPU.ActiveCfg = Release|Any CPU
		{89DE3B6C-8DDD-4607-BE7E-D6239D582A89}.Release|Any CPU.Build.0 = Release|Any CPU
		{A5F637B8-BCBC-4269-896C-4C23253D9733}.Debug|Any CPU.ActiveCfg = Debug|Any CPU
		{A5F637B8-BCBC-4269-896C-4C23253D9733}.Debug|Any CPU.Build.0 = Debug|Any CPU
		{A5F637B8-BCBC-4269-896C-4C23253D9733}.Release|Any CPU.ActiveCfg = Release|Any CPU
		{A5F637B8-BCBC-4269-896C-4C23253D9733}.Release|Any CPU.Build.0 = Release|Any CPU
		{19A1B560-08B1-4627-BE9F-7D97834A060A}.Debug|Any CPU.ActiveCfg = Debug|Any CPU
		{19A1B560-08B1-4627-BE9F-7D97834A060A}.Debug|Any CPU.Build.0 = Debug|Any CPU
		{19A1B560-08B1-4627-BE9F-7D97834A060A}.Release|Any CPU.ActiveCfg = Release|Any CPU
		{19A1B560-08B1-4627-BE9F-7D97834A060A}.Release|Any CPU.Build.0 = Release|Any CPU
		{5DD180C3-148D-4D82-99DD-A4BF3AF7158A}.Debug|Any CPU.ActiveCfg = Debug|Any CPU
		{5DD180C3-148D-4D82-99DD-A4BF3AF7158A}.Debug|Any CPU.Build.0 = Debug|Any CPU
		{5DD180C3-148D-4D82-99DD-A4BF3AF7158A}.Release|Any CPU.ActiveCfg = Release|Any CPU
		{5DD180C3-148D-4D82-99DD-A4BF3AF7158A}.Release|Any CPU.Build.0 = Release|Any CPU
	EndGlobalSection
	GlobalSection(SolutionProperties) = preSolution
		HideSolutionNode = FALSE
	EndGlobalSection
	GlobalSection(ExtensibilityGlobals) = postSolution
		SolutionGuid = {0E09EA81-3374-402C-9D9E-2BA8AA62752E}
	EndGlobalSection
EndGlobal
