
Microsoft Visual Studio Solution File, Format Version 12.00
# Visual Studio Version 16
VisualStudioVersion = 16.0.29326.143
MinimumVisualStudioVersion = 10.0.40219.1
Project("{FAE04EC0-301F-11D3-BF4B-00C04F79EFBC}") = "WindowDZ", "WindowDZ.csproj", "{D94891E6-D870-44CE-BCFA-362305A04E0E}"
EndProject
Global
	GlobalSection(SolutionConfigurationPlatforms) = preSolution
		Debug|Any CPU = Debug|Any CPU
		Release|Any CPU = Release|Any CPU
	EndGlobalSection
	GlobalSection(ProjectConfigurationPlatforms) = postSolution
		{D94891E6-D870-44CE-BCFA-362305A04E0E}.Debug|Any CPU.ActiveCfg = Debug|Any CPU
		{D94891E6-D870-44CE-BCFA-362305A04E0E}.Debug|Any CPU.Build.0 = Debug|Any CPU
		{D94891E6-D870-44CE-BCFA-362305A04E0E}.Release|Any CPU.ActiveCfg = Release|Any CPU
		{D94891E6-D870-44CE-BCFA-362305A04E0E}.Release|Any CPU.Build.0 = Release|Any CPU
	EndGlobalSection
	GlobalSection(SolutionProperties) = preSolution
		HideSolutionNode = FALSE
	EndGlobalSection
	GlobalSection(ExtensibilityGlobals) = postSolution
		SolutionGuid = {4CEC1A9C-AB5B-4251-8E96-9F65C2783D23}
	EndGlobalSection
EndGlobal
