
Microsoft Visual Studio Solution File, Format Version 12.00
# Visual Studio Version 16
VisualStudioVersion = 16.0.29519.87
MinimumVisualStudioVersion = 10.0.40219.1
Project("{FAE04EC0-301F-11D3-BF4B-00C04F79EFBC}") = "EmissionsWeb", "EmissionsWeb\EmissionsWeb.csproj", "{DA6DD244-A974-4ADD-8579-0A47531C993D}"
EndProject
Global
	GlobalSection(SolutionConfigurationPlatforms) = preSolution
		Debug|Any CPU = Debug|Any CPU
		Release|Any CPU = Release|Any CPU
	EndGlobalSection
	GlobalSection(ProjectConfigurationPlatforms) = postSolution
		{DA6DD244-A974-4ADD-8579-0A47531C993D}.Debug|Any CPU.ActiveCfg = Debug|Any CPU
		{DA6DD244-A974-4ADD-8579-0A47531C993D}.Debug|Any CPU.Build.0 = Debug|Any CPU
		{DA6DD244-A974-4ADD-8579-0A47531C993D}.Release|Any CPU.ActiveCfg = Release|Any CPU
		{DA6DD244-A974-4ADD-8579-0A47531C993D}.Release|Any CPU.Build.0 = Release|Any CPU
	EndGlobalSection
	GlobalSection(SolutionProperties) = preSolution
		HideSolutionNode = FALSE
	EndGlobalSection
	GlobalSection(ExtensibilityGlobals) = postSolution
		SolutionGuid = {4D5C3E22-6BFB-45B3-BFA3-F79B06D90418}
	EndGlobalSection
EndGlobal
