
Microsoft Visual Studio Solution File, Format Version 12.00
# Visual Studio Version 16
VisualStudioVersion = 16.0.29519.87
MinimumVisualStudioVersion = 10.0.40219.1
Project("{FAE04EC0-301F-11D3-BF4B-00C04F79EFBC}") = "EmissionsService", "EmissionsService\EmissionsService.csproj", "{F7DF4B26-81EA-4B9E-963B-F9FA7052FB3E}"
EndProject
Global
	GlobalSection(SolutionConfigurationPlatforms) = preSolution
		Debug|Any CPU = Debug|Any CPU
		Release|Any CPU = Release|Any CPU
	EndGlobalSection
	GlobalSection(ProjectConfigurationPlatforms) = postSolution
		{F7DF4B26-81EA-4B9E-963B-F9FA7052FB3E}.Debug|Any CPU.ActiveCfg = Debug|Any CPU
		{F7DF4B26-81EA-4B9E-963B-F9FA7052FB3E}.Debug|Any CPU.Build.0 = Debug|Any CPU
		{F7DF4B26-81EA-4B9E-963B-F9FA7052FB3E}.Release|Any CPU.ActiveCfg = Release|Any CPU
		{F7DF4B26-81EA-4B9E-963B-F9FA7052FB3E}.Release|Any CPU.Build.0 = Release|Any CPU
	EndGlobalSection
	GlobalSection(SolutionProperties) = preSolution
		HideSolutionNode = FALSE
	EndGlobalSection
	GlobalSection(ExtensibilityGlobals) = postSolution
		SolutionGuid = {AC3D5F8B-F1E0-4E55-940B-C14177E75709}
	EndGlobalSection
EndGlobal
